// !$*UTF8*$!
{
	archiveVersion = 1;
	classes = {
	};
	objectVersion = 46;
	objects = {

/* Begin PBXBuildFile section */
		1C812970E425031FF94FE97D /* Pods_Scantact.framework in Frameworks */ = {isa = PBXBuildFile; fileRef = E2C9CC114E8AECF577140904 /* Pods_Scantact.framework */; };
		3C6F98FD1C95342000532E47 /* LoginViewController.swift in Sources */ = {isa = PBXBuildFile; fileRef = 3C6F98FC1C95342000532E47 /* LoginViewController.swift */; };
		3C6F98FE1C95342000532E47 /* LoginViewController.swift in Sources */ = {isa = PBXBuildFile; fileRef = 3C6F98FC1C95342000532E47 /* LoginViewController.swift */; };
		3C6F98FF1C95342000532E47 /* LoginViewController.swift in Sources */ = {isa = PBXBuildFile; fileRef = 3C6F98FC1C95342000532E47 /* LoginViewController.swift */; };
		3C6F99011C95B99800532E47 /* HomeTabBarViewController.swift in Sources */ = {isa = PBXBuildFile; fileRef = 3C6F99001C95B99800532E47 /* HomeTabBarViewController.swift */; };
		3C6F99021C95B99800532E47 /* HomeTabBarViewController.swift in Sources */ = {isa = PBXBuildFile; fileRef = 3C6F99001C95B99800532E47 /* HomeTabBarViewController.swift */; };
		3C6F99031C95B99800532E47 /* HomeTabBarViewController.swift in Sources */ = {isa = PBXBuildFile; fileRef = 3C6F99001C95B99800532E47 /* HomeTabBarViewController.swift */; };
		3C6F99051C96961E00532E47 /* SignupViewController.swift in Sources */ = {isa = PBXBuildFile; fileRef = 3C6F99041C96961E00532E47 /* SignupViewController.swift */; };
		3C6F99061C96961E00532E47 /* SignupViewController.swift in Sources */ = {isa = PBXBuildFile; fileRef = 3C6F99041C96961E00532E47 /* SignupViewController.swift */; };
		3C6F99071C96961E00532E47 /* SignupViewController.swift in Sources */ = {isa = PBXBuildFile; fileRef = 3C6F99041C96961E00532E47 /* SignupViewController.swift */; };
		3C6F99091C98516900532E47 /* UIColor+ApplicationSpecific.swift in Sources */ = {isa = PBXBuildFile; fileRef = 3C6F99081C98516900532E47 /* UIColor+ApplicationSpecific.swift */; };
		3C6F990A1C98516900532E47 /* UIColor+ApplicationSpecific.swift in Sources */ = {isa = PBXBuildFile; fileRef = 3C6F99081C98516900532E47 /* UIColor+ApplicationSpecific.swift */; };
		3C6F990B1C98516900532E47 /* UIColor+ApplicationSpecific.swift in Sources */ = {isa = PBXBuildFile; fileRef = 3C6F99081C98516900532E47 /* UIColor+ApplicationSpecific.swift */; };
		3CA0EC921C72BF2C00108409 /* AppDelegate.swift in Sources */ = {isa = PBXBuildFile; fileRef = 3CA0EC911C72BF2C00108409 /* AppDelegate.swift */; };
		3CA0EC941C72BF2C00108409 /* ProfileViewController.swift in Sources */ = {isa = PBXBuildFile; fileRef = 3CA0EC931C72BF2C00108409 /* ProfileViewController.swift */; };
		3CA0EC991C72BF2C00108409 /* Main.storyboard in Resources */ = {isa = PBXBuildFile; fileRef = 3CA0EC971C72BF2C00108409 /* Main.storyboard */; };
		3CA0EC9B1C72BF2C00108409 /* Assets.xcassets in Resources */ = {isa = PBXBuildFile; fileRef = 3CA0EC9A1C72BF2C00108409 /* Assets.xcassets */; };
		3CA0EC9E1C72BF2C00108409 /* LaunchScreen.storyboard in Resources */ = {isa = PBXBuildFile; fileRef = 3CA0EC9C1C72BF2C00108409 /* LaunchScreen.storyboard */; };
		3CA0ECA91C72BF2C00108409 /* ScantactTests.swift in Sources */ = {isa = PBXBuildFile; fileRef = 3CA0ECA81C72BF2C00108409 /* ScantactTests.swift */; };
		3CA0ECB41C72BF2C00108409 /* ScantactUITests.swift in Sources */ = {isa = PBXBuildFile; fileRef = 3CA0ECB31C72BF2C00108409 /* ScantactUITests.swift */; };
		3CA0ECC31C74BA8C00108409 /* GettingStartedViewController.swift in Sources */ = {isa = PBXBuildFile; fileRef = 3CA0ECC21C74BA8C00108409 /* GettingStartedViewController.swift */; };
		3CA0ECC41C74BA8C00108409 /* GettingStartedViewController.swift in Sources */ = {isa = PBXBuildFile; fileRef = 3CA0ECC21C74BA8C00108409 /* GettingStartedViewController.swift */; };
		3CA0ECC51C74BA8C00108409 /* GettingStartedViewController.swift in Sources */ = {isa = PBXBuildFile; fileRef = 3CA0ECC21C74BA8C00108409 /* GettingStartedViewController.swift */; };
		3CA0ECC71C74BE0400108409 /* MainViewController.swift in Sources */ = {isa = PBXBuildFile; fileRef = 3CA0ECC61C74BE0400108409 /* MainViewController.swift */; };
		3CA0ECC81C74BE0400108409 /* MainViewController.swift in Sources */ = {isa = PBXBuildFile; fileRef = 3CA0ECC61C74BE0400108409 /* MainViewController.swift */; };
		3CA0ECC91C74BE0400108409 /* MainViewController.swift in Sources */ = {isa = PBXBuildFile; fileRef = 3CA0ECC61C74BE0400108409 /* MainViewController.swift */; };
		3CA0ECCB1C7583F500108409 /* GettingStartedPageViewController.swift in Sources */ = {isa = PBXBuildFile; fileRef = 3CA0ECCA1C7583F500108409 /* GettingStartedPageViewController.swift */; };
		3CA0ECCC1C7583F500108409 /* GettingStartedPageViewController.swift in Sources */ = {isa = PBXBuildFile; fileRef = 3CA0ECCA1C7583F500108409 /* GettingStartedPageViewController.swift */; };
		3CA0ECCD1C7583F500108409 /* GettingStartedPageViewController.swift in Sources */ = {isa = PBXBuildFile; fileRef = 3CA0ECCA1C7583F500108409 /* GettingStartedPageViewController.swift */; };
/* End PBXBuildFile section */

/* Begin PBXContainerItemProxy section */
		3CA0ECA51C72BF2C00108409 /* PBXContainerItemProxy */ = {
			isa = PBXContainerItemProxy;
			containerPortal = 3CA0EC861C72BF2C00108409 /* Project object */;
			proxyType = 1;
			remoteGlobalIDString = 3CA0EC8D1C72BF2C00108409;
			remoteInfo = Scantact;
		};
		3CA0ECB01C72BF2C00108409 /* PBXContainerItemProxy */ = {
			isa = PBXContainerItemProxy;
			containerPortal = 3CA0EC861C72BF2C00108409 /* Project object */;
			proxyType = 1;
			remoteGlobalIDString = 3CA0EC8D1C72BF2C00108409;
			remoteInfo = Scantact;
		};
/* End PBXContainerItemProxy section */

/* Begin PBXFileReference section */
		3C6F98FC1C95342000532E47 /* LoginViewController.swift */ = {isa = PBXFileReference; fileEncoding = 4; lastKnownFileType = sourcecode.swift; name = LoginViewController.swift; path = login/LoginViewController.swift; sourceTree = "<group>"; };
		3C6F99001C95B99800532E47 /* HomeTabBarViewController.swift */ = {isa = PBXFileReference; fileEncoding = 4; lastKnownFileType = sourcecode.swift; path = HomeTabBarViewController.swift; sourceTree = "<group>"; };
		3C6F99041C96961E00532E47 /* SignupViewController.swift */ = {isa = PBXFileReference; fileEncoding = 4; lastKnownFileType = sourcecode.swift; name = SignupViewController.swift; path = login/SignupViewController.swift; sourceTree = "<group>"; };
		3C6F99081C98516900532E47 /* UIColor+ApplicationSpecific.swift */ = {isa = PBXFileReference; fileEncoding = 4; lastKnownFileType = sourcecode.swift; path = "UIColor+ApplicationSpecific.swift"; sourceTree = "<group>"; };
		3CA0EC8E1C72BF2C00108409 /* Scantact.app */ = {isa = PBXFileReference; explicitFileType = wrapper.application; includeInIndex = 0; path = Scantact.app; sourceTree = BUILT_PRODUCTS_DIR; };
		3CA0EC911C72BF2C00108409 /* AppDelegate.swift */ = {isa = PBXFileReference; lastKnownFileType = sourcecode.swift; path = AppDelegate.swift; sourceTree = "<group>"; };
		3CA0EC931C72BF2C00108409 /* ProfileViewController.swift */ = {isa = PBXFileReference; lastKnownFileType = sourcecode.swift; path = ProfileViewController.swift; sourceTree = "<group>"; };
		3CA0EC981C72BF2C00108409 /* Base */ = {isa = PBXFileReference; lastKnownFileType = file.storyboard; name = Base; path = Base.lproj/Main.storyboard; sourceTree = "<group>"; };
		3CA0EC9A1C72BF2C00108409 /* Assets.xcassets */ = {isa = PBXFileReference; lastKnownFileType = folder.assetcatalog; path = Assets.xcassets; sourceTree = "<group>"; };
		3CA0EC9D1C72BF2C00108409 /* Base */ = {isa = PBXFileReference; lastKnownFileType = file.storyboard; name = Base; path = Base.lproj/LaunchScreen.storyboard; sourceTree = "<group>"; };
		3CA0EC9F1C72BF2C00108409 /* Info.plist */ = {isa = PBXFileReference; lastKnownFileType = text.plist.xml; path = Info.plist; sourceTree = "<group>"; };
		3CA0ECA41C72BF2C00108409 /* ScantactTests.xctest */ = {isa = PBXFileReference; explicitFileType = wrapper.cfbundle; includeInIndex = 0; path = ScantactTests.xctest; sourceTree = BUILT_PRODUCTS_DIR; };
		3CA0ECA81C72BF2C00108409 /* ScantactTests.swift */ = {isa = PBXFileReference; lastKnownFileType = sourcecode.swift; path = ScantactTests.swift; sourceTree = "<group>"; };
		3CA0ECAA1C72BF2C00108409 /* Info.plist */ = {isa = PBXFileReference; lastKnownFileType = text.plist.xml; path = Info.plist; sourceTree = "<group>"; };
		3CA0ECAF1C72BF2C00108409 /* ScantactUITests.xctest */ = {isa = PBXFileReference; explicitFileType = wrapper.cfbundle; includeInIndex = 0; path = ScantactUITests.xctest; sourceTree = BUILT_PRODUCTS_DIR; };
		3CA0ECB31C72BF2C00108409 /* ScantactUITests.swift */ = {isa = PBXFileReference; lastKnownFileType = sourcecode.swift; path = ScantactUITests.swift; sourceTree = "<group>"; };
		3CA0ECB51C72BF2C00108409 /* Info.plist */ = {isa = PBXFileReference; lastKnownFileType = text.plist.xml; path = Info.plist; sourceTree = "<group>"; };
		3CA0ECC21C74BA8C00108409 /* GettingStartedViewController.swift */ = {isa = PBXFileReference; fileEncoding = 4; lastKnownFileType = sourcecode.swift; path = GettingStartedViewController.swift; sourceTree = "<group>"; };
		3CA0ECC61C74BE0400108409 /* MainViewController.swift */ = {isa = PBXFileReference; fileEncoding = 4; lastKnownFileType = sourcecode.swift; path = MainViewController.swift; sourceTree = "<group>"; };
		3CA0ECCA1C7583F500108409 /* GettingStartedPageViewController.swift */ = {isa = PBXFileReference; fileEncoding = 4; lastKnownFileType = sourcecode.swift; path = GettingStartedPageViewController.swift; sourceTree = "<group>"; };
		638B5E4C1CAD58D12FF844B7 /* Pods-Scantact.debug.xcconfig */ = {isa = PBXFileReference; includeInIndex = 1; lastKnownFileType = text.xcconfig; name = "Pods-Scantact.debug.xcconfig"; path = "Pods/Target Support Files/Pods-Scantact/Pods-Scantact.debug.xcconfig"; sourceTree = "<group>"; };
		89DCB66F8BD18B808B8C1B7F /* Pods-Scantact.release.xcconfig */ = {isa = PBXFileReference; includeInIndex = 1; lastKnownFileType = text.xcconfig; name = "Pods-Scantact.release.xcconfig"; path = "Pods/Target Support Files/Pods-Scantact/Pods-Scantact.release.xcconfig"; sourceTree = "<group>"; };
		E2C9CC114E8AECF577140904 /* Pods_Scantact.framework */ = {isa = PBXFileReference; explicitFileType = wrapper.framework; includeInIndex = 0; path = Pods_Scantact.framework; sourceTree = BUILT_PRODUCTS_DIR; };
/* End PBXFileReference section */

/* Begin PBXFrameworksBuildPhase section */
		3CA0EC8B1C72BF2C00108409 /* Frameworks */ = {
			isa = PBXFrameworksBuildPhase;
			buildActionMask = 2147483647;
			files = (
				1C812970E425031FF94FE97D /* Pods_Scantact.framework in Frameworks */,
			);
			runOnlyForDeploymentPostprocessing = 0;
		};
		3CA0ECA11C72BF2C00108409 /* Frameworks */ = {
			isa = PBXFrameworksBuildPhase;
			buildActionMask = 2147483647;
			files = (
			);
			runOnlyForDeploymentPostprocessing = 0;
		};
		3CA0ECAC1C72BF2C00108409 /* Frameworks */ = {
			isa = PBXFrameworksBuildPhase;
			buildActionMask = 2147483647;
			files = (
			);
			runOnlyForDeploymentPostprocessing = 0;
		};
/* End PBXFrameworksBuildPhase section */

/* Begin PBXGroup section */
		3C6F990C1C98517A00532E47 /* helpers */ = {
			isa = PBXGroup;
			children = (
				3C6F99081C98516900532E47 /* UIColor+ApplicationSpecific.swift */,
			);
			name = helpers;
			sourceTree = "<group>";
		};
		3CA0EC851C72BF2C00108409 = {
			isa = PBXGroup;
			children = (
				3CA0EC901C72BF2C00108409 /* Scantact */,
				3CA0ECA71C72BF2C00108409 /* ScantactTests */,
				3CA0ECB21C72BF2C00108409 /* ScantactUITests */,
				3CA0EC8F1C72BF2C00108409 /* Products */,
				CCAC8A4AD6E1B90FD3B0FF22 /* Pods */,
				B8500DBA97D9C646CF576D3D /* Frameworks */,
			);
			sourceTree = "<group>";
		};
		3CA0EC8F1C72BF2C00108409 /* Products */ = {
			isa = PBXGroup;
			children = (
				3CA0EC8E1C72BF2C00108409 /* Scantact.app */,
				3CA0ECA41C72BF2C00108409 /* ScantactTests.xctest */,
				3CA0ECAF1C72BF2C00108409 /* ScantactUITests.xctest */,
			);
			name = Products;
			sourceTree = "<group>";
		};
		3CA0EC901C72BF2C00108409 /* Scantact */ = {
			isa = PBXGroup;
			children = (
				3C6F990C1C98517A00532E47 /* helpers */,
				3CA0ECC11C74BA5E00108409 /* viewcontrollers */,
				3CA0EC911C72BF2C00108409 /* AppDelegate.swift */,
				3CA0EC971C72BF2C00108409 /* Main.storyboard */,
				3CA0EC9A1C72BF2C00108409 /* Assets.xcassets */,
				3CA0EC9C1C72BF2C00108409 /* LaunchScreen.storyboard */,
				3CA0EC9F1C72BF2C00108409 /* Info.plist */,
			);
			path = Scantact;
			sourceTree = "<group>";
		};
		3CA0ECA71C72BF2C00108409 /* ScantactTests */ = {
			isa = PBXGroup;
			children = (
				3CA0ECA81C72BF2C00108409 /* ScantactTests.swift */,
				3CA0ECAA1C72BF2C00108409 /* Info.plist */,
			);
			path = ScantactTests;
			sourceTree = "<group>";
		};
		3CA0ECB21C72BF2C00108409 /* ScantactUITests */ = {
			isa = PBXGroup;
			children = (
				3CA0ECB31C72BF2C00108409 /* ScantactUITests.swift */,
				3CA0ECB51C72BF2C00108409 /* Info.plist */,
			);
			path = ScantactUITests;
			sourceTree = "<group>";
		};
		3CA0ECC11C74BA5E00108409 /* viewcontrollers */ = {
			isa = PBXGroup;
			children = (
				3CA0EC931C72BF2C00108409 /* ProfileViewController.swift */,
				3CA0ECC21C74BA8C00108409 /* GettingStartedViewController.swift */,
				3CA0ECC61C74BE0400108409 /* MainViewController.swift */,
				3CA0ECCA1C7583F500108409 /* GettingStartedPageViewController.swift */,
				3C6F98FC1C95342000532E47 /* LoginViewController.swift */,
				3C6F99001C95B99800532E47 /* HomeTabBarViewController.swift */,
				3C6F99041C96961E00532E47 /* SignupViewController.swift */,
			);
			name = viewcontrollers;
			sourceTree = "<group>";
		};
		B8500DBA97D9C646CF576D3D /* Frameworks */ = {
			isa = PBXGroup;
			children = (
				E2C9CC114E8AECF577140904 /* Pods_Scantact.framework */,
			);
			name = Frameworks;
			sourceTree = "<group>";
		};
		CCAC8A4AD6E1B90FD3B0FF22 /* Pods */ = {
			isa = PBXGroup;
			children = (
				638B5E4C1CAD58D12FF844B7 /* Pods-Scantact.debug.xcconfig */,
				89DCB66F8BD18B808B8C1B7F /* Pods-Scantact.release.xcconfig */,
			);
			name = Pods;
			sourceTree = "<group>";
		};
/* End PBXGroup section */

/* Begin PBXNativeTarget section */
		3CA0EC8D1C72BF2C00108409 /* Scantact */ = {
			isa = PBXNativeTarget;
			buildConfigurationList = 3CA0ECB81C72BF2C00108409 /* Build configuration list for PBXNativeTarget "Scantact" */;
			buildPhases = (
				62E16FE97F9A662B38540CC2 /* Check Pods Manifest.lock */,
				3CA0EC8A1C72BF2C00108409 /* Sources */,
				3CA0EC8B1C72BF2C00108409 /* Frameworks */,
				3CA0EC8C1C72BF2C00108409 /* Resources */,
				B58AC86C26F921672A3C4B78 /* Embed Pods Frameworks */,
				1EA7FAB034BA1C944647F6E6 /* Copy Pods Resources */,
			);
			buildRules = (
			);
			dependencies = (
			);
			name = Scantact;
			productName = Scantact;
			productReference = 3CA0EC8E1C72BF2C00108409 /* Scantact.app */;
			productType = "com.apple.product-type.application";
		};
		3CA0ECA31C72BF2C00108409 /* ScantactTests */ = {
			isa = PBXNativeTarget;
			buildConfigurationList = 3CA0ECBB1C72BF2C00108409 /* Build configuration list for PBXNativeTarget "ScantactTests" */;
			buildPhases = (
				3CA0ECA01C72BF2C00108409 /* Sources */,
				3CA0ECA11C72BF2C00108409 /* Frameworks */,
				3CA0ECA21C72BF2C00108409 /* Resources */,
			);
			buildRules = (
			);
			dependencies = (
				3CA0ECA61C72BF2C00108409 /* PBXTargetDependency */,
			);
			name = ScantactTests;
			productName = ScantactTests;
			productReference = 3CA0ECA41C72BF2C00108409 /* ScantactTests.xctest */;
			productType = "com.apple.product-type.bundle.unit-test";
		};
		3CA0ECAE1C72BF2C00108409 /* ScantactUITests */ = {
			isa = PBXNativeTarget;
			buildConfigurationList = 3CA0ECBE1C72BF2C00108409 /* Build configuration list for PBXNativeTarget "ScantactUITests" */;
			buildPhases = (
				3CA0ECAB1C72BF2C00108409 /* Sources */,
				3CA0ECAC1C72BF2C00108409 /* Frameworks */,
				3CA0ECAD1C72BF2C00108409 /* Resources */,
			);
			buildRules = (
			);
			dependencies = (
				3CA0ECB11C72BF2C00108409 /* PBXTargetDependency */,
			);
			name = ScantactUITests;
			productName = ScantactUITests;
			productReference = 3CA0ECAF1C72BF2C00108409 /* ScantactUITests.xctest */;
			productType = "com.apple.product-type.bundle.ui-testing";
		};
/* End PBXNativeTarget section */

/* Begin PBXProject section */
		3CA0EC861C72BF2C00108409 /* Project object */ = {
			isa = PBXProject;
			attributes = {
				LastSwiftUpdateCheck = 0720;
				LastUpgradeCheck = 0720;
				ORGANIZATIONNAME = "Hassan Abid";
				TargetAttributes = {
					3CA0EC8D1C72BF2C00108409 = {
						CreatedOnToolsVersion = 7.2.1;
						DevelopmentTeam = ZBZ6445J8B;
					};
					3CA0ECA31C72BF2C00108409 = {
						CreatedOnToolsVersion = 7.2.1;
						TestTargetID = 3CA0EC8D1C72BF2C00108409;
					};
					3CA0ECAE1C72BF2C00108409 = {
						CreatedOnToolsVersion = 7.2.1;
						TestTargetID = 3CA0EC8D1C72BF2C00108409;
					};
				};
			};
			buildConfigurationList = 3CA0EC891C72BF2C00108409 /* Build configuration list for PBXProject "Scantact" */;
			compatibilityVersion = "Xcode 3.2";
			developmentRegion = English;
			hasScannedForEncodings = 0;
			knownRegions = (
				en,
				Base,
			);
			mainGroup = 3CA0EC851C72BF2C00108409;
			productRefGroup = 3CA0EC8F1C72BF2C00108409 /* Products */;
			projectDirPath = "";
			projectRoot = "";
			targets = (
				3CA0EC8D1C72BF2C00108409 /* Scantact */,
				3CA0ECA31C72BF2C00108409 /* ScantactTests */,
				3CA0ECAE1C72BF2C00108409 /* ScantactUITests */,
			);
		};
/* End PBXProject section */

/* Begin PBXResourcesBuildPhase section */
		3CA0EC8C1C72BF2C00108409 /* Resources */ = {
			isa = PBXResourcesBuildPhase;
			buildActionMask = 2147483647;
			files = (
				3CA0EC9E1C72BF2C00108409 /* LaunchScreen.storyboard in Resources */,
				3CA0EC9B1C72BF2C00108409 /* Assets.xcassets in Resources */,
				3CA0EC991C72BF2C00108409 /* Main.storyboard in Resources */,
			);
			runOnlyForDeploymentPostprocessing = 0;
		};
		3CA0ECA21C72BF2C00108409 /* Resources */ = {
			isa = PBXResourcesBuildPhase;
			buildActionMask = 2147483647;
			files = (
			);
			runOnlyForDeploymentPostprocessing = 0;
		};
		3CA0ECAD1C72BF2C00108409 /* Resources */ = {
			isa = PBXResourcesBuildPhase;
			buildActionMask = 2147483647;
			files = (
			);
			runOnlyForDeploymentPostprocessing = 0;
		};
/* End PBXResourcesBuildPhase section */

/* Begin PBXShellScriptBuildPhase section */
		1EA7FAB034BA1C944647F6E6 /* Copy Pods Resources */ = {
			isa = PBXShellScriptBuildPhase;
			buildActionMask = 2147483647;
			files = (
			);
			inputPaths = (
			);
			name = "Copy Pods Resources";
			outputPaths = (
			);
			runOnlyForDeploymentPostprocessing = 0;
			shellPath = /bin/sh;
			shellScript = "\"${SRCROOT}/Pods/Target Support Files/Pods-Scantact/Pods-Scantact-resources.sh\"\n";
			showEnvVarsInLog = 0;
		};
		62E16FE97F9A662B38540CC2 /* Check Pods Manifest.lock */ = {
			isa = PBXShellScriptBuildPhase;
			buildActionMask = 2147483647;
			files = (
			);
			inputPaths = (
			);
			name = "Check Pods Manifest.lock";
			outputPaths = (
			);
			runOnlyForDeploymentPostprocessing = 0;
			shellPath = /bin/sh;
			shellScript = "diff \"${PODS_ROOT}/../Podfile.lock\" \"${PODS_ROOT}/Manifest.lock\" > /dev/null\nif [[ $? != 0 ]] ; then\n    cat << EOM\nerror: The sandbox is not in sync with the Podfile.lock. Run 'pod install' or update your CocoaPods installation.\nEOM\n    exit 1\nfi\n";
			showEnvVarsInLog = 0;
		};
		B58AC86C26F921672A3C4B78 /* Embed Pods Frameworks */ = {
			isa = PBXShellScriptBuildPhase;
			buildActionMask = 2147483647;
			files = (
			);
			inputPaths = (
			);
			name = "Embed Pods Frameworks";
			outputPaths = (
			);
			runOnlyForDeploymentPostprocessing = 0;
			shellPath = /bin/sh;
			shellScript = "\"${SRCROOT}/Pods/Target Support Files/Pods-Scantact/Pods-Scantact-frameworks.sh\"\n";
			showEnvVarsInLog = 0;
		};
/* End PBXShellScriptBuildPhase section */

/* Begin PBXSourcesBuildPhase section */
		3CA0EC8A1C72BF2C00108409 /* Sources */ = {
			isa = PBXSourcesBuildPhase;
			buildActionMask = 2147483647;
			files = (
				3C6F99051C96961E00532E47 /* SignupViewController.swift in Sources */,
				3C6F98FD1C95342000532E47 /* LoginViewController.swift in Sources */,
				3CA0ECC31C74BA8C00108409 /* GettingStartedViewController.swift in Sources */,
				3CA0ECCB1C7583F500108409 /* GettingStartedPageViewController.swift in Sources */,
				3CA0EC921C72BF2C00108409 /* AppDelegate.swift in Sources */,
				3C6F99011C95B99800532E47 /* HomeTabBarViewController.swift in Sources */,
				3CA0EC941C72BF2C00108409 /* ProfileViewController.swift in Sources */,
				3CA0ECC71C74BE0400108409 /* MainViewController.swift in Sources */,
				3C6F99091C98516900532E47 /* UIColor+ApplicationSpecific.swift in Sources */,
			);
			runOnlyForDeploymentPostprocessing = 0;
		};
		3CA0ECA01C72BF2C00108409 /* Sources */ = {
			isa = PBXSourcesBuildPhase;
			buildActionMask = 2147483647;
			files = (
				3CA0ECC81C74BE0400108409 /* MainViewController.swift in Sources */,
				3C6F99061C96961E00532E47 /* SignupViewController.swift in Sources */,
				3C6F990A1C98516900532E47 /* UIColor+ApplicationSpecific.swift in Sources */,
				3CA0ECA91C72BF2C00108409 /* ScantactTests.swift in Sources */,
				3CA0ECCC1C7583F500108409 /* GettingStartedPageViewController.swift in Sources */,
				3C6F99021C95B99800532E47 /* HomeTabBarViewController.swift in Sources */,
				3C6F98FE1C95342000532E47 /* LoginViewController.swift in Sources */,
				3CA0ECC41C74BA8C00108409 /* GettingStartedViewController.swift in Sources */,
			);
			runOnlyForDeploymentPostprocessing = 0;
		};
		3CA0ECAB1C72BF2C00108409 /* Sources */ = {
			isa = PBXSourcesBuildPhase;
			buildActionMask = 2147483647;
			files = (
				3CA0ECC91C74BE0400108409 /* MainViewController.swift in Sources */,
				3C6F99071C96961E00532E47 /* SignupViewController.swift in Sources */,
				3C6F990B1C98516900532E47 /* UIColor+ApplicationSpecific.swift in Sources */,
				3CA0ECB41C72BF2C00108409 /* ScantactUITests.swift in Sources */,
				3CA0ECCD1C7583F500108409 /* GettingStartedPageViewController.swift in Sources */,
				3C6F99031C95B99800532E47 /* HomeTabBarViewController.swift in Sources */,
				3C6F98FF1C95342000532E47 /* LoginViewController.swift in Sources */,
				3CA0ECC51C74BA8C00108409 /* GettingStartedViewController.swift in Sources */,
			);
			runOnlyForDeploymentPostprocessing = 0;
		};
/* End PBXSourcesBuildPhase section */

/* Begin PBXTargetDependency section */
		3CA0ECA61C72BF2C00108409 /* PBXTargetDependency */ = {
			isa = PBXTargetDependency;
			target = 3CA0EC8D1C72BF2C00108409 /* Scantact */;
			targetProxy = 3CA0ECA51C72BF2C00108409 /* PBXContainerItemProxy */;
		};
		3CA0ECB11C72BF2C00108409 /* PBXTargetDependency */ = {
			isa = PBXTargetDependency;
			target = 3CA0EC8D1C72BF2C00108409 /* Scantact */;
			targetProxy = 3CA0ECB01C72BF2C00108409 /* PBXContainerItemProxy */;
		};
/* End PBXTargetDependency section */

/* Begin PBXVariantGroup section */
		3CA0EC971C72BF2C00108409 /* Main.storyboard */ = {
			isa = PBXVariantGroup;
			children = (
				3CA0EC981C72BF2C00108409 /* Base */,
			);
			name = Main.storyboard;
			sourceTree = "<group>";
		};
		3CA0EC9C1C72BF2C00108409 /* LaunchScreen.storyboard */ = {
			isa = PBXVariantGroup;
			children = (
				3CA0EC9D1C72BF2C00108409 /* Base */,
			);
			name = LaunchScreen.storyboard;
			sourceTree = "<group>";
		};
/* End PBXVariantGroup section */

/* Begin XCBuildConfiguration section */
		3CA0ECB61C72BF2C00108409 /* Debug */ = {
			isa = XCBuildConfiguration;
			buildSettings = {
				ALWAYS_SEARCH_USER_PATHS = NO;
				CLANG_CXX_LANGUAGE_STANDARD = "gnu++0x";
				CLANG_CXX_LIBRARY = "libc++";
				CLANG_ENABLE_MODULES = YES;
				CLANG_ENABLE_OBJC_ARC = YES;
				CLANG_WARN_BOOL_CONVERSION = YES;
				CLANG_WARN_CONSTANT_CONVERSION = YES;
				CLANG_WARN_DIRECT_OBJC_ISA_USAGE = YES_ERROR;
				CLANG_WARN_EMPTY_BODY = YES;
				CLANG_WARN_ENUM_CONVERSION = YES;
				CLANG_WARN_INT_CONVERSION = YES;
				CLANG_WARN_OBJC_ROOT_CLASS = YES_ERROR;
				CLANG_WARN_UNREACHABLE_CODE = YES;
				CLANG_WARN__DUPLICATE_METHOD_MATCH = YES;
				"CODE_SIGN_IDENTITY[sdk=iphoneos*]" = "iPhone Developer";
				COPY_PHASE_STRIP = NO;
				DEBUG_INFORMATION_FORMAT = dwarf;
				ENABLE_STRICT_OBJC_MSGSEND = YES;
				ENABLE_TESTABILITY = YES;
				GCC_C_LANGUAGE_STANDARD = gnu99;
				GCC_DYNAMIC_NO_PIC = NO;
				GCC_NO_COMMON_BLOCKS = YES;
				GCC_OPTIMIZATION_LEVEL = 0;
				GCC_PREPROCESSOR_DEFINITIONS = (
					"DEBUG=1",
					"$(inherited)",
				);
				GCC_WARN_64_TO_32_BIT_CONVERSION = YES;
				GCC_WARN_ABOUT_RETURN_TYPE = YES_ERROR;
				GCC_WARN_UNDECLARED_SELECTOR = YES;
				GCC_WARN_UNINITIALIZED_AUTOS = YES_AGGRESSIVE;
				GCC_WARN_UNUSED_FUNCTION = YES;
				GCC_WARN_UNUSED_VARIABLE = YES;
				IPHONEOS_DEPLOYMENT_TARGET = 9.2;
				MTL_ENABLE_DEBUG_INFO = YES;
				ONLY_ACTIVE_ARCH = YES;
				SDKROOT = iphoneos;
				SWIFT_OPTIMIZATION_LEVEL = "-Onone";
				TARGETED_DEVICE_FAMILY = "1,2";
			};
			name = Debug;
		};
		3CA0ECB71C72BF2C00108409 /* Release */ = {
			isa = XCBuildConfiguration;
			buildSettings = {
				ALWAYS_SEARCH_USER_PATHS = NO;
				CLANG_CXX_LANGUAGE_STANDARD = "gnu++0x";
				CLANG_CXX_LIBRARY = "libc++";
				CLANG_ENABLE_MODULES = YES;
				CLANG_ENABLE_OBJC_ARC = YES;
				CLANG_WARN_BOOL_CONVERSION = YES;
				CLANG_WARN_CONSTANT_CONVERSION = YES;
				CLANG_WARN_DIRECT_OBJC_ISA_USAGE = YES_ERROR;
				CLANG_WARN_EMPTY_BODY = YES;
				CLANG_WARN_ENUM_CONVERSION = YES;
				CLANG_WARN_INT_CONVERSION = YES;
				CLANG_WARN_OBJC_ROOT_CLASS = YES_ERROR;
				CLANG_WARN_UNREACHABLE_CODE = YES;
				CLANG_WARN__DUPLICATE_METHOD_MATCH = YES;
				"CODE_SIGN_IDENTITY[sdk=iphoneos*]" = "iPhone Developer";
				COPY_PHASE_STRIP = NO;
				DEBUG_INFORMATION_FORMAT = "dwarf-with-dsym";
				ENABLE_NS_ASSERTIONS = NO;
				ENABLE_STRICT_OBJC_MSGSEND = YES;
				GCC_C_LANGUAGE_STANDARD = gnu99;
				GCC_NO_COMMON_BLOCKS = YES;
				GCC_WARN_64_TO_32_BIT_CONVERSION = YES;
				GCC_WARN_ABOUT_RETURN_TYPE = YES_ERROR;
				GCC_WARN_UNDECLARED_SELECTOR = YES;
				GCC_WARN_UNINITIALIZED_AUTOS = YES_AGGRESSIVE;
				GCC_WARN_UNUSED_FUNCTION = YES;
				GCC_WARN_UNUSED_VARIABLE = YES;
				IPHONEOS_DEPLOYMENT_TARGET = 9.2;
				MTL_ENABLE_DEBUG_INFO = NO;
				SDKROOT = iphoneos;
				TARGETED_DEVICE_FAMILY = "1,2";
				VALIDATE_PRODUCT = YES;
			};
			name = Release;
		};
		3CA0ECB91C72BF2C00108409 /* Debug */ = {
			isa = XCBuildConfiguration;
			baseConfigurationReference = 638B5E4C1CAD58D12FF844B7 /* Pods-Scantact.debug.xcconfig */;
			buildSettings = {
				ASSETCATALOG_COMPILER_APPICON_NAME = AppIcon;
				CODE_SIGN_IDENTITY = "iPhone Developer";
				"CODE_SIGN_IDENTITY[sdk=iphoneos*]" = "iPhone Developer";
				INFOPLIST_FILE = Scantact/Info.plist;
				LD_RUNPATH_SEARCH_PATHS = "$(inherited) @executable_path/Frameworks";
				PRODUCT_BUNDLE_IDENTIFIER = co.scantact.ios;
				PRODUCT_NAME = "$(TARGET_NAME)";
				PROVISIONING_PROFILE = "";
				TARGETED_DEVICE_FAMILY = 1;
			};
			name = Debug;
		};
		3CA0ECBA1C72BF2C00108409 /* Release */ = {
			isa = XCBuildConfiguration;
			baseConfigurationReference = 89DCB66F8BD18B808B8C1B7F /* Pods-Scantact.release.xcconfig */;
			buildSettings = {
				ASSETCATALOG_COMPILER_APPICON_NAME = AppIcon;
				CODE_SIGN_IDENTITY = "iPhone Developer";
				"CODE_SIGN_IDENTITY[sdk=iphoneos*]" = "iPhone Developer";
				INFOPLIST_FILE = Scantact/Info.plist;
				LD_RUNPATH_SEARCH_PATHS = "$(inherited) @executable_path/Frameworks";
				PRODUCT_BUNDLE_IDENTIFIER = co.scantact.ios;
				PRODUCT_NAME = "$(TARGET_NAME)";
				PROVISIONING_PROFILE = "";
				TARGETED_DEVICE_FAMILY = 1;
			};
			name = Release;
		};
		3CA0ECBC1C72BF2C00108409 /* Debug */ = {
			isa = XCBuildConfiguration;
			buildSettings = {
				BUNDLE_LOADER = "$(TEST_HOST)";
				INFOPLIST_FILE = ScantactTests/Info.plist;
				LD_RUNPATH_SEARCH_PATHS = "$(inherited) @executable_path/Frameworks @loader_path/Frameworks";
				PRODUCT_BUNDLE_IDENTIFIER = co.scantact.ios.ScantactTests;
				PRODUCT_NAME = "$(TARGET_NAME)";
				TEST_HOST = "$(BUILT_PRODUCTS_DIR)/Scantact.app/Scantact";
			};
			name = Debug;
		};
		3CA0ECBD1C72BF2C00108409 /* Release */ = {
			isa = XCBuildConfiguration;
			buildSettings = {
				BUNDLE_LOADER = "$(TEST_HOST)";
				INFOPLIST_FILE = ScantactTests/Info.plist;
				LD_RUNPATH_SEARCH_PATHS = "$(inherited) @executable_path/Frameworks @loader_path/Frameworks";
				PRODUCT_BUNDLE_IDENTIFIER = co.scantact.ios.ScantactTests;
				PRODUCT_NAME = "$(TARGET_NAME)";
				TEST_HOST = "$(BUILT_PRODUCTS_DIR)/Scantact.app/Scantact";
			};
			name = Release;
		};
		3CA0ECBF1C72BF2C00108409 /* Debug */ = {
			isa = XCBuildConfiguration;
			buildSettings = {
				INFOPLIST_FILE = ScantactUITests/Info.plist;
				LD_RUNPATH_SEARCH_PATHS = "$(inherited) @executable_path/Frameworks @loader_path/Frameworks";
				PRODUCT_BUNDLE_IDENTIFIER = co.scantact.ios.ScantactUITests;
				PRODUCT_NAME = "$(TARGET_NAME)";
				TEST_TARGET_NAME = Scantact;
				USES_XCTRUNNER = YES;
			};
			name = Debug;
		};
		3CA0ECC01C72BF2C00108409 /* Release */ = {
			isa = XCBuildConfiguration;
			buildSettings = {
				INFOPLIST_FILE = ScantactUITests/Info.plist;
				LD_RUNPATH_SEARCH_PATHS = "$(inherited) @executable_path/Frameworks @loader_path/Frameworks";
				PRODUCT_BUNDLE_IDENTIFIER = co.scantact.ios.ScantactUITests;
				PRODUCT_NAME = "$(TARGET_NAME)";
				TEST_TARGET_NAME = Scantact;
				USES_XCTRUNNER = YES;
			};
			name = Release;
		};
/* End XCBuildConfiguration section */

/* Begin XCConfigurationList section */
		3CA0EC891C72BF2C00108409 /* Build configuration list for PBXProject "Scantact" */ = {
			isa = XCConfigurationList;
			buildConfigurations = (
				3CA0ECB61C72BF2C00108409 /* Debug */,
				3CA0ECB71C72BF2C00108409 /* Release */,
			);
			defaultConfigurationIsVisible = 0;
			defaultConfigurationName = Release;
		};
		3CA0ECB81C72BF2C00108409 /* Build configuration list for PBXNativeTarget "Scantact" */ = {
			isa = XCConfigurationList;
			buildConfigurations = (
				3CA0ECB91C72BF2C00108409 /* Debug */,
				3CA0ECBA1C72BF2C00108409 /* Release */,
			);
			defaultConfigurationIsVisible = 0;
			defaultConfigurationName = Release;
		};
		3CA0ECBB1C72BF2C00108409 /* Build configuration list for PBXNativeTarget "ScantactTests" */ = {
			isa = XCConfigurationList;
			buildConfigurations = (
				3CA0ECBC1C72BF2C00108409 /* Debug */,
				3CA0ECBD1C72BF2C00108409 /* Release */,
			);
			defaultConfigurationIsVisible = 0;
			defaultConfigurationName = Release;
		};
		3CA0ECBE1C72BF2C00108409 /* Build configuration list for PBXNativeTarget "ScantactUITests" */ = {
			isa = XCConfigurationList;
			buildConfigurations = (
				3CA0ECBF1C72BF2C00108409 /* Debug */,
				3CA0ECC01C72BF2C00108409 /* Release */,
			);
			defaultConfigurationIsVisible = 0;
			defaultConfigurationName = Release;
		};
/* End XCConfigurationList section */
	};
	rootObject = 3CA0EC861C72BF2C00108409 /* Project object */;
}
